# THIS IS AN AUTOGENERATED FILE. DO NOT EDIT THIS FILE DIRECTLY.
# yarn lockfile v1


"@dvh/api@link:../../api":
  version "0.0.0"
  uid ""

"@dvh/commons@link:../../commons":
  version "0.0.0"
  uid ""

"@dvh/components@link:../../components":
  version "0.0.0"
  uid ""

"@dvh/config@link:../../config":
  version "0.0.0"
  uid ""
